version = 1
revision = 2
requires-python = ">=3.12"

[[package]]
name = "apsw"
version = "3.51.2.0"
source = { registry = "https://pypi.org/simple" }
sdist = { url = "https://files.pythonhosted.org/packages/6b/6f/817b270f836c56fd6354aff5da9b96e36895b5b777bda3682692907e6591/apsw-3.51.2.0.tar.gz", hash = "sha256:916271dcf55fc3fd150354b6dbbf76d75a1a5e77cbefca3c3603a8b9c51f9529", size = 1156490, upload-time = "2026-01-10T16:47:33.028Z" }
wheels = [
    { url = "https://files.pythonhosted.org/packages/cf/1e/3d1da9827cb120ed9c19f6beb3f94c3836a8eac64c8fd7fa24ce40fbdbb8/apsw-3.51.2.0-cp312-cp312-macosx_10_13_x86_64.whl", hash = "sha256:c91517f875033a447d1b7412bd128a2618821c467532d4531841b754eb01f9d5", size = 1995767, upload-time = "2026-01-10T16:45:55.22Z" },
    { url = "https://files.pythonhosted.org/packages/81/bf/9f6dcde7c11465b2bcfe52c9e5c9df393dfb78bc59414e9ddbb5fd6ca6b9/apsw-3.51.2.0-cp312-cp312-macosx_11_0_arm64.whl", hash = "sha256:dc3e6c3756446696a37903a8d22ceb4b5ec5eb7c0c6db010c0d32d9add5a77d0", size = 1926162, upload-time = "2026-01-10T16:45:56.72Z" },
    { url = "https://files.pythonhosted.org/packages/ca/db/83b5f423ec6d566d6394a7f25b415450410d0466655b330820626dd1be0e/apsw-3.51.2.0-cp312-cp312-manylinux_2_28_aarch64.whl", hash = "sha256:1072f52c792e5ada878df74b2bec32e31e733fae7d31810e462bf645c1f06207", size = 7296545, upload-time = "2026-01-10T16:45:59.062Z" },
    { url = "https://files.pythonhosted.org/packages/9c/83/ad7284671be0bf498475aada8fe7429de97e28b8b8fc7123231006fd8189/apsw-3.51.2.0-cp312-cp312-manylinux_2_28_armv7l.manylinux_2_31_armv7l.whl", hash = "sha256:f56a67950af0a9913126abe5a3291d1792ffd0451e281c9e8382c3bbdf251b94", size = 6961422, upload-time = "2026-01-10T16:46:00.995Z" },
    { url = "https://files.pythonhosted.org/packages/ce/72/2aba1a845a60496abe221937759cbafffed82e68df0cf2633c591c6df4db/apsw-3.51.2.0-cp312-cp312-manylinux_2_28_i686.whl", hash = "sha256:4778ef6aa650d1086665f4fe07acab80c25193155458643b93d2fbc37e4f7a5b", size = 7131611, upload-time = "2026-01-10T16:46:03.491Z" },
    { url = "https://files.pythonhosted.org/packages/d8/be/c94e15c69ba4a64d60579c64682aa25cdd71cd6a2049dc1f640eb6d81ee4/apsw-3.51.2.0-cp312-cp312-manylinux_2_28_x86_64.whl", hash = "sha256:8ae0a53b2e7638616e4f1c5cd33d97d5de604f5e76504cf3be5251a2d78b36c8", size = 7283180, upload-time = "2026-01-10T16:46:05.289Z" },
    { url = "https://files.pythonhosted.org/packages/02/65/ded5ffef6a92a5feeb919314426736c3063c831634d9375d3989fd5e883c/apsw-3.51.2.0-cp312-cp312-musllinux_1_2_aarch64.whl", hash = "sha256:ca2bb1253dd15543d995ce01135d5a67bf13d247e93df27631bf0851c9f5944c", size = 7242709, upload-time = "2026-01-10T16:46:07.075Z" },
    { url = "https://files.pythonhosted.org/packages/97/86/619d04bc326c606a087fe520dafd6eda155e7acfaa4705e4f690f770edee/apsw-3.51.2.0-cp312-cp312-musllinux_1_2_armv7l.whl", hash = "sha256:02e5bda8a7ffe9bdc6d5d229cfe062d44e765e86278132599d19dcc0c267a904", size = 7122067, upload-time = "2026-01-10T16:46:09.924Z" },
    { url = "https://files.pythonhosted.org/packages/38/87/0051811adde754ca74fde18c320ec57067e406aa1a57149a49895352ebf8/apsw-3.51.2.0-cp312-cp312-musllinux_1_2_i686.whl", hash = "sha256:3822b849bfcc9021aca64a85a00d99d74462335934bd7dbd20f5fcd70b307ab5", size = 7190526, upload-time = "2026-01-10T16:46:11.528Z" },
    { url = "https://files.pythonhosted.org/packages/c5/9e/c70a5365dbdec2cc0604310c5cfbafb49fc83c828b8bb67ddd6a2e7908af/apsw-3.51.2.0-cp312-cp312-musllinux_1_2_x86_64.whl", hash = "sha256:d5954d1200a1e6ba1f91c94f636d4beaf70602cf9c4be32d82fecb8dd4f193b7", size = 7265159, upload-time = "2026-01-10T16:46:13.427Z" },
    { url = "https://files.pythonhosted.org/packages/75/54/dfd7e28a9da187feacad31add0537f3caa4ea46832ebc20f9866279b62ee/apsw-3.51.2.0-cp312-cp312-win32.whl", hash = "sha256:d8b196b882adec2c1795e6e28875cf33d55807623ccb4f51fe124ca910608e66", size = 1621733, upload-time = "2026-01-10T16:46:15.006Z" },
    { url = "https://files.pythonhosted.org/packages/2a/92/a7da406dec09d5d30f75c54837f6810717cfa53a29221c2ed7ef628e031f/apsw-3.51.2.0-cp312-cp312-win_amd64.whl", hash = "sha256:220ef45e01ef8881addc7eecec2124b59a34ddc093289e24618589d63bb5de9f", size = 1813545, upload-time = "2026-01-10T16:46:17.085Z" },
    { url = "https://files.pythonhosted.org/packages/2b/96/4ab4b0a24cf3c460502f2e5769e281ddd21dfd728a785d947d6a9969e4fb/apsw-3.51.2.0-cp312-cp312-win_arm64.whl", hash = "sha256:59f509343b9036c9d8a4af4b91cd8e94288b61432a4101d9a648632dbdb19e69", size = 1637413, upload-time = "2026-01-10T16:46:18.576Z" },
    { url = "https://files.pythonhosted.org/packages/f2/95/11b69a90569e44b7c5afb7c67c168f948b73cfe2ef9eae35555a205c8bd0/apsw-3.51.2.0-cp313-cp313-macosx_10_13_x86_64.whl", hash = "sha256:cd0574768c0f4ec324f45a1281883dda450f60f29ea553dd10553c089d8e95c8", size = 1994320, upload-time = "2026-01-10T16:46:20.772Z" },
    { url = "https://files.pythonhosted.org/packages/78/17/cbcb379fa28feac3ebe00dcd185436e55c6dedbefebab245b28d4aec1020/apsw-3.51.2.0-cp313-cp313-macosx_11_0_arm64.whl", hash = "sha256:23e6328bc03b55b8978e2ab20e9a8bc931b452d0aa9765458734484c17a3064d", size = 1924165, upload-time = "2026-01-10T16:46:22.325Z" },
    { url = "https://files.pythonhosted.org/packages/02/ff/9989235ff37559b149da8ed57b86a3806f6e93434445350ebf6cf521f007/apsw-3.51.2.0-cp313-cp313-manylinux_2_28_aarch64.whl", hash = "sha256:f0cb7034ff787fab3976e4cd251a632528a31f2e663f4ab054a18974c6304f96", size = 7307313, upload-time = "2026-01-10T16:46:23.925Z" },
    { url = "https://files.pythonhosted.org/packages/78/b3/2333165a51facc688ac4a462bf4a5cb3056628a3861e192f9030c0d04d55/apsw-3.51.2.0-cp313-cp313-manylinux_2_28_armv7l.manylinux_2_31_armv7l.whl", hash = "sha256:cb30283213beab2ef55494a018ed93e8240b6f7b76c106c8ec18a4715976b510", size = 6981288, upload-time = "2026-01-10T16:46:25.67Z" },
    { url = "https://files.pythonhosted.org/packages/af/66/b85d840c39c9d31fa050b9f0c5eecedf95354d8bc4b1f1269275f3da1511/apsw-3.51.2.0-cp313-cp313-manylinux_2_28_i686.whl", hash = "sha256:b067214059b17c86d03b08e032416f7c5ee67c7bcab9cd8d84e6ae71874acf1c", size = 7137378, upload-time = "2026-01-10T16:46:27.353Z" },
    { url = "https://files.pythonhosted.org/packages/84/07/7ebe77239b227b888f43f23cf33e54491de0591c3834253f47473c06672b/apsw-3.51.2.0-cp313-cp313-manylinux_2_28_x86_64.whl", hash = "sha256:064e00e09ffd1a14c75c8569dd4c8712c16a51ce00992e08a2fa468cbd286d53", size = 7304636, upload-time = "2026-01-10T16:46:29.154Z" },
    { url = "https://files.pythonhosted.org/packages/71/79/a1429794f702c17c72cdf949ce8647ff4e4c56b54bd1410af1c63f16ead8/apsw-3.51.2.0-cp313-cp313-musllinux_1_2_aarch64.whl", hash = "sha256:29d84d5242a4741fcd8d317e72d51ab64aef59bb55c6414f8a5198d6ac9e4238", size = 7244268, upload-time = "2026-01-10T16:46:30.893Z" },
    { url = "https://files.pythonhosted.org/packages/db/e6/f68b4355564ef8ceaff0442d67703984997dfa3716f242768d0f44e0da07/apsw-3.51.2.0-cp313-cp313-musllinux_1_2_armv7l.whl", hash = "sha256:fc48ab2e1ba537b527f0dd483ab88d9a75a6953d0ca89d7575d0fe5789a1b424", size = 7134172, upload-time = "2026-01-10T16:46:32.666Z" },
    { url = "https://files.pythonhosted.org/packages/a2/06/8048325b8847714290eb33fa5f55d577ea18d66939e6866ca64bc8bbee60/apsw-3.51.2.0-cp313-cp313-musllinux_1_2_i686.whl", hash = "sha256:ee00cd4649e857da484e9652394dca42e59aa31d76c45e6dc8b3c12ded9b5758", size = 7198704, upload-time = "2026-01-10T16:46:34.677Z" },
    { url = "https://files.pythonhosted.org/packages/ad/60/3bf8b0681acd16626fcee48fbd247df67b2fbd95101322ec2deb574f6045/apsw-3.51.2.0-cp313-cp313-musllinux_1_2_x86_64.whl", hash = "sha256:9480991ced9bcdbc7ff9ebca9105ab45733f46caedf9f72f3e907f616eaaab54", size = 7286837, upload-time = "2026-01-10T16:46:36.711Z" },
    { url = "https://files.pythonhosted.org/packages/07/7b/254cbfff260007bf107625568bd36ead430d19c688429c3565c885f37f3b/apsw-3.51.2.0-cp313-cp313-win32.whl", hash = "sha256:8fabd40376dcf6333007e0f9aef3fc2eddc802e68b2b90b47baf54ab503e52e4", size = 1620612, upload-time = "2026-01-10T16:46:38.839Z" },
    { url = "https://files.pythonhosted.org/packages/dc/de/f6c33da2c11cf0a43e8349f34486ec9ba2b4921cfd33e5f04738dd49fb3a/apsw-3.51.2.0-cp313-cp313-win_amd64.whl", hash = "sha256:088e45c3a2396518904c7eed3a7bb38a3737d1122760787dad0e4f3e6418cea5", size = 1812291, upload-time = "2026-01-10T16:46:40.846Z" },
    { url = "https://files.pythonhosted.org/packages/a9/71/89cfdfa3a7bfae1108bc42f066321d6742fe0fc859af3a7002697d183489/apsw-3.51.2.0-cp313-cp313-win_arm64.whl", hash = "sha256:8b31574d7e3f6e0080fb4277c242d284557cf6f101520890b329ab8ea63926db", size = 1636589, upload-time = "2026-01-10T16:46:42.449Z" },
    { url = "https://files.pythonhosted.org/packages/0d/9d/ef858f35f3e170e1128fe5780610985c5381c7b265303a6c8fcd013ff46b/apsw-3.51.2.0-cp314-cp314-macosx_10_15_x86_64.whl", hash = "sha256:a060c36d3065585b311c4fa12cb0703ded076099f8dade198b6f2f489852900c", size = 1994321, upload-time = "2026-01-10T16:46:44.063Z" },
    { url = "https://files.pythonhosted.org/packages/53/fe/80396ae220cd11573ab5fafd0f5f73029aceb1e6d1cef89a83c63c69af76/apsw-3.51.2.0-cp314-cp314-macosx_11_0_arm64.whl", hash = "sha256:398fef5fe75de0b7e02f05bae9e60936cf56ca52c0ca4d4b5cd5a3878033bf15", size = 1924150, upload-time = "2026-01-10T16:46:45.626Z" },
    { url = "https://files.pythonhosted.org/packages/70/6b/3e68eb59d13e787bdfce866e7831a96af443382468ea409d57a7f0940e7c/apsw-3.51.2.0-cp314-cp314-manylinux_2_28_aarch64.whl", hash = "sha256:cf06e92c758e3cec44b33b6d36679fe77c821e0a5c1102532f7a67e3b8350fbf", size = 7307263, upload-time = "2026-01-10T16:46:47.787Z" },
    { url = "https://files.pythonhosted.org/packages/6c/ee/bab98974629f5ba59e38d34a3c083ccabede296d8c2f62e91210ad18f461/apsw-3.51.2.0-cp314-cp314-manylinux_2_28_armv7l.manylinux_2_31_armv7l.whl", hash = "sha256:d083e41e20f16b8cb9dd786e1e2da28a9d88d3e26bf83c4d94820fb4ea9e9424", size = 6978380, upload-time = "2026-01-10T16:46:49.594Z" },
    { url = "https://files.pythonhosted.org/packages/57/6f/813cacd12eacd6b2f1e8c357cc44b1592538255476de8637e65474749742/apsw-3.51.2.0-cp314-cp314-manylinux_2_28_i686.whl", hash = "sha256:9caa13b10ffb1c0cbf6143472fe2b3d3f942f09b48a495f48f5002490c33448c", size = 7137598, upload-time = "2026-01-10T16:46:51.428Z" },
    { url = "https://files.pythonhosted.org/packages/db/35/023d9f5335e4c1ee1490dcf2435875bb1f9f10fb54c07495ce7ceda6e5cc/apsw-3.51.2.0-cp314-cp314-manylinux_2_28_x86_64.whl", hash = "sha256:4f9a038fd671611afc7fdea5ef4a25fd527e9b06e46c3697db4a143ce7eea520", size = 7301998, upload-time = "2026-01-10T16:46:53.522Z" },
    { url = "https://files.pythonhosted.org/packages/fb/41/7f7a2f72f8ef03629d907139f2fc4b6bd538879cfaf6f56db138a88a1ffb/apsw-3.51.2.0-cp314-cp314-musllinux_1_2_aarch64.whl", hash = "sha256:25bee4c57798427b7ea2658d937d47223e782f8be1c4d3e7ea56a855b8f53034", size = 7243518, upload-time = "2026-01-10T16:46:55.375Z" },
    { url = "https://files.pythonhosted.org/packages/7b/f9/b1379f6968e9ff2e51814fa10207ceb97da66ead56f00961ccb44905bdba/apsw-3.51.2.0-cp314-cp314-musllinux_1_2_armv7l.whl", hash = "sha256:68a13947cf921bd299d2db7f67e6d6a9a7c649fe818f2ae0483a359ebe0f2f0b", size = 7121227, upload-time = "2026-01-10T16:46:57.183Z" },
    { url = "https://files.pythonhosted.org/packages/15/be/2b1d21bbcc800cfce22433a2936ff1fed232b802de32090596a63e136c46/apsw-3.51.2.0-cp314-cp314-musllinux_1_2_i686.whl", hash = "sha256:f9ac6eaa6a1732e2ec7febd91d8265640af5957e9a521b07b9fa5c422df00850", size = 7198826, upload-time = "2026-01-10T16:46:58.983Z" },
    { url = "https://files.pythonhosted.org/packages/b1/d4/4a9a1ea671e588686e5cc357b94b1bd110a49938ef777f32f94cba8226d5/apsw-3.51.2.0-cp314-cp314-musllinux_1_2_x86_64.whl", hash = "sha256:b162b5cbb12c7c5bdb52702b97b9e6b689f3be4578ebaba55bbeac7b8f4d513f", size = 7284509, upload-time = "2026-01-10T16:47:00.937Z" },
    { url = "https://files.pythonhosted.org/packages/40/a1/9963fc7913d1d96d87f3f69b0a69d131aeaedddfa33c491bdbb473dfefb2/apsw-3.51.2.0-cp314-cp314-win32.whl", hash = "sha256:42263d3439348a6c6180ed4a08d186a8d43575f3c59f7c1707f61e3776cebe42", size = 1653873, upload-time = "2026-01-10T16:47:02.608Z" },
    { url = "https://files.pythonhosted.org/packages/61/ff/c85e5c000822cd333ed304adbb60947be7b7bf309f7aecb5d8b0dcbd3548/apsw-3.51.2.0-cp314-cp314-win_amd64.whl", hash = "sha256:65e67226c6165a569174e7355e00c2b7a79144a4ed72be26c8c4608a0a4f7668", size = 1856255, upload-time = "2026-01-10T16:47:04.154Z" },
    { url = "https://files.pythonhosted.org/packages/42/15/4d7b97063552e1a79a47c15c8956b594169053828269b675f457531a59d3/apsw-3.51.2.0-cp314-cp314-win_arm64.whl", hash = "sha256:e195c5799bf5730199507b3b8129575380c1a2c5965471edacd8aabba4cc0e98", size = 1676597, upload-time = "2026-01-10T16:47:05.918Z" },
    { url = "https://files.pythonhosted.org/packages/af/6b/ad76dd6085590004d23249ae2592fcd19c5d40c477e41df89a476a2a91fd/apsw-3.51.2.0-cp314-cp314t-macosx_10_15_x86_64.whl", hash = "sha256:b6073d49be9216ac1704c5bb497db00ad6e7f11fd70303be180d242698511590", size = 2000215, upload-time = "2026-01-10T16:47:07.431Z" },
    { url = "https://files.pythonhosted.org/packages/46/27/2d00af9548d2ab87e38cf5cd48c3143260b94e6a487c452634eb72ce442d/apsw-3.51.2.0-cp314-cp314t-macosx_11_0_arm64.whl", hash = "sha256:918eff3b9152753f761b55b8adbecf07280c2a2f9f9a7c6245ccead16bda1d9e", size = 1931099, upload-time = "2026-01-10T16:47:08.937Z" },
    { url = "https://files.pythonhosted.org/packages/c8/34/c59a09d1442bc0caf1259b6cc9304cbf0f5a993d6f7b63197313c468a9fc/apsw-3.51.2.0-cp314-cp314t-manylinux_2_28_aarch64.whl", hash = "sha256:604282a709e60ed94bc421ae3bed823f0b727d70c7f0d6b41f293177da149312", size = 7304460, upload-time = "2026-01-10T16:47:10.586Z" },
    { url = "https://files.pythonhosted.org/packages/43/76/f9f4ee81828c3de952a7718cdab40f360dc24f285491785fc50563c8b47b/apsw-3.51.2.0-cp314-cp314t-manylinux_2_28_armv7l.manylinux_2_31_armv7l.whl", hash = "sha256:0e8fa99233987c0d46ff155e505414a7e25ca7bd53a91db0b2db0043b75689cc", size = 6960346, upload-time = "2026-01-10T16:47:12.407Z" },
    { url = "https://files.pythonhosted.org/packages/6f/d2/8051f361cc5c7e83e67d21d07632804a65c2e12c47f16c2645c80a61e681/apsw-3.51.2.0-cp314-cp314t-manylinux_2_28_i686.whl", hash = "sha256:8a39dd4accf0522044c553ebef91347067f08f99a72a1c83017818c735035a08", size = 7113213, upload-time = "2026-01-10T16:47:14.23Z" },
    { url = "https://files.pythonhosted.org/packages/db/87/2cf7248307777d623dfe6b7ecf8240ef741673f023d4703f505f1c46f10c/apsw-3.51.2.0-cp314-cp314t-manylinux_2_28_x86_64.whl", hash = "sha256:9fdf89423fc9039cbe800765fec0e2598dd098e6ca0b7faa4b2314d50f158a4d", size = 7282208, upload-time = "2026-01-10T16:47:16.651Z" },
    { url = "https://files.pythonhosted.org/packages/62/08/4588e6f08456d9d7ca9fee712e8e6d42db4e37c367830cef6f7a8b586c11/apsw-3.51.2.0-cp314-cp314t-musllinux_1_2_aarch64.whl", hash = "sha256:f8b559e8981bdb44289ba90abb4c3dcf274930a1321c5d51aa1d53e307b30403", size = 7245681, upload-time = "2026-01-10T16:47:19.284Z" },
    { url = "https://files.pythonhosted.org/packages/4a/79/72f380919d4dd8b3be1005c6f371c2d135ab592d68fe0055cb7bdfa8f266/apsw-3.51.2.0-cp314-cp314t-musllinux_1_2_armv7l.whl", hash = "sha256:2a418cd6753be67ef34136be174be1d610b9f1e85676d5cfa2187715de0f65e5", size = 7087011, upload-time = "2026-01-10T16:47:21.55Z" },
    { url = "https://files.pythonhosted.org/packages/5f/76/29e3f2821a041493cfc8bde0e676ecf9ab6a6d0cf971d2686d4146087380/apsw-3.51.2.0-cp314-cp314t-musllinux_1_2_i686.whl", hash = "sha256:67075fa47e722e6d02edd9010fc1b94548eaefe65798498c062eb8f800152223", size = 7156649, upload-time = "2026-01-10T16:47:23.672Z" },
    { url = "https://files.pythonhosted.org/packages/e7/25/e32a7bb3218f6a9c95c2444b3b41be0a8490a7b6aaec0a2220ae4448b1a4/apsw-3.51.2.0-cp314-cp314t-musllinux_1_2_x86_64.whl", hash = "sha256:2b0618f1b06771331027ce0bf6be143f0d07690621e1a912a36884a1ea6bdea6", size = 7249634, upload-time = "2026-01-10T16:47:25.504Z" },
    { url = "https://files.pythonhosted.org/packages/60/af/4fd8ecb0403539331e80441fe013f0cf11d98114726799b2f97d405586ee/apsw-3.51.2.0-cp314-cp314t-win32.whl", hash = "sha256:bb5def09c9e8dc72f9d13fc370e3794fff76aca42309d63596437041ac88f679", size = 1666851, upload-time = "2026-01-10T16:47:27.133Z" },
    { url = "https://files.pythonhosted.org/packages/3a/40/fd019f0a57b402c8662bb6a3232c70cbe840ca6e53f441ded0b9b4b27040/apsw-3.51.2.0-cp314-cp314t-win_amd64.whl", hash = "sha256:50b4bff55f328ee905a6574ecb99d84817867d6865918cfdada5167001ff6432", size = 1872102, upload-time = "2026-01-10T16:47:28.714Z" },
    { url = "https://files.pythonhosted.org/packages/6c/29/dfb235254ae6c3d2fe14644d39567c6f33d5e9161f5db928e5fe081312f9/apsw-3.51.2.0-cp314-cp314t-win_arm64.whl", hash = "sha256:7009791d5103c028ba72c72751ec1894d8d2c1845ab433d4be61d75fa08c0279", size = 1681212, upload-time = "2026-01-10T16:47:30.64Z" },
]

[[package]]
name = "colorama"
version = "0.4.6"
source = { registry = "https://pypi.org/simple" }
sdist = { url = "https://files.pythonhosted.org/packages/d8/53/6f443c9a4a8358a93a6792e2acffb9d9d5cb0a5cfd8802644b7b1c9a02e4/colorama-0.4.6.tar.gz", hash = "sha256:08695f5cb7ed6e0531a20572697297273c47b8cae5a63ffc6d6ed5c201be6e44", size = 27697, upload-time = "2022-10-25T02:36:22.414Z" }
wheels = [
    { url = "https://files.pythonhosted.org/packages/d1/d6/3965ed04c63042e047cb6a3e6ed1a63a35087b6a609aa3a15ed8ac56c221/colorama-0.4.6-py2.py3-none-any.whl", hash = "sha256:4f1d9991f5acc0ca119f9d443620b77f9d6b33703e51011c16baf57afb285fc6", size = 25335, upload-time = "2022-10-25T02:36:20.889Z" },
]

[[package]]
name = "iniconfig"
version = "2.3.0"
source = { registry = "https://pypi.org/simple" }
sdist = { url = "https://files.pythonhosted.org/packages/72/34/14ca021ce8e5dfedc35312d08ba8bf51fdd999c576889fc2c24cb97f4f10/iniconfig-2.3.0.tar.gz", hash = "sha256:c76315c77db068650d49c5b56314774a7804df16fee4402c1f19d6d15d8c4730", size = 20503, upload-time = "2025-10-18T21:55:43.219Z" }
wheels = [
    { url = "https://files.pythonhosted.org/packages/cb/b1/3846dd7f199d53cb17f49cba7e651e9ce294d8497c8c150530ed11865bb8/iniconfig-2.3.0-py3-none-any.whl", hash = "sha256:f631c04d2c48c52b84d0d0549c99ff3859c98df65b3101406327ecc7d53fbf12", size = 7484, upload-time = "2025-10-18T21:55:41.639Z" },
]

[[package]]
name = "packaging"
version = "26.0"
source = { registry = "https://pypi.org/simple" }
sdist = { url = "https://files.pythonhosted.org/packages/65/ee/299d360cdc32edc7d2cf530f3accf79c4fca01e96ffc950d8a52213bd8e4/packaging-26.0.tar.gz", hash = "sha256:00243ae351a257117b6a241061796684b084ed1c516a08c48a3f7e147a9d80b4", size = 143416, upload-time = "2026-01-21T20:50:39.064Z" }
wheels = [
    { url = "https://files.pythonhosted.org/packages/b7/b9/c538f279a4e237a006a2c98387d081e9eb060d203d8ed34467cc0f0b9b53/packaging-26.0-py3-none-any.whl", hash = "sha256:b36f1fef9334a5588b4166f8bcd26a14e521f2b55e6b9de3aaa80d3ff7a37529", size = 74366, upload-time = "2026-01-21T20:50:37.788Z" },
]

[[package]]
name = "pluggy"
version = "1.6.0"
source = { registry = "https://pypi.org/simple" }
sdist = { url = "https://files.pythonhosted.org/packages/f9/e2/3e91f31a7d2b083fe6ef3fa267035b518369d9511ffab804f839851d2779/pluggy-1.6.0.tar.gz", hash = "sha256:7dcc130b76258d33b90f61b658791dede3486c3e6bfb003ee5c9bfb396dd22f3", size = 69412, upload-time = "2025-05-15T12:30:07.975Z" }
wheels = [
    { url = "https://files.pythonhosted.org/packages/54/20/4d324d65cc6d9205fabedc306948156824eb9f0ee1633355a8f7ec5c66bf/pluggy-1.6.0-py3-none-any.whl", hash = "sha256:e920276dd6813095e9377c0bc5566d94c932c33b27a3e3945d8389c374dd4746", size = 20538, upload-time = "2025-05-15T12:30:06.134Z" },
]

[[package]]
name = "pygments"
version = "2.19.2"
source = { registry = "https://pypi.org/simple" }
sdist = { url = "https://files.pythonhosted.org/packages/b0/77/a5b8c569bf593b0140bde72ea885a803b82086995367bf2037de0159d924/pygments-2.19.2.tar.gz", hash = "sha256:636cb2477cec7f8952536970bc533bc43743542f70392ae026374600add5b887", size = 4968631, upload-time = "2025-06-21T13:39:12.283Z" }
wheels = [
    { url = "https://files.pythonhosted.org/packages/c7/21/705964c7812476f378728bdf590ca4b771ec72385c533964653c68e86bdc/pygments-2.19.2-py3-none-any.whl", hash = "sha256:86540386c03d588bb81d44bc3928634ff26449851e99741617ecb9037ee5ec0b", size = 1225217, upload-time = "2025-06-21T13:39:07.939Z" },
]

[[package]]
name = "pytest"
version = "9.0.2"
source = { registry = "https://pypi.org/simple" }
dependencies = [
    { name = "colorama", marker = "sys_platform == 'win32'" },
    { name = "iniconfig" },
    { name = "packaging" },
    { name = "pluggy" },
    { name = "pygments" },
]
sdist = { url = "https://files.pythonhosted.org/packages/d1/db/7ef3487e0fb0049ddb5ce41d3a49c235bf9ad299b6a25d5780a89f19230f/pytest-9.0.2.tar.gz", hash = "sha256:75186651a92bd89611d1d9fc20f0b4345fd827c41ccd5c299a868a05d70edf11", size = 1568901, upload-time = "2025-12-06T21:30:51.014Z" }
wheels = [
    { url = "https://files.pythonhosted.org/packages/3b/ab/b3226f0bd7cdcf710fbede2b3548584366da3b19b5021e74f5bde2a8fa3f/pytest-9.0.2-py3-none-any.whl", hash = "sha256:711ffd45bf766d5264d487b917733b453d917afd2b0ad65223959f59089f875b", size = 374801, upload-time = "2025-12-06T21:30:49.154Z" },
]

[[package]]
name = "sqlite3-uuid"
version = "0.0.0"
source = { virtual = "." }

[package.dev-dependencies]
test = [
    { name = "apsw" },
    { name = "pytest" },
]

[package.metadata]

[package.metadata.requires-dev]
test = [
    { name = "apsw" },
    { name = "pytest" },
]
